{
  "name": "venky project",
  "lockfileVersion": 3,
  "requires": true,
  "packages": {
    "": {
      "dependencies": {
        "node18": "^1.0.0"
      }
    },
    "node_modules/node18": {
      "version": "1.0.0",
      "resolved": "https://registry.npmjs.org/node18/-/node18-1.0.0.tgz",
      "integrity": "sha512-ovfPpp4ZYhcez8tFyqPjY2PZHjl1UhkDHq0Vvr1f3vmYhrBFf/Kd/xv54UAjzCrsiQjvkkvMOhxvb+HtfH6kcw=="
    }
  }
}
